<Solution>
  <Folder Name="/src/" />
  <Folder Name="/src/Application/">
    <Project Path="src/Application/TravelBookManager.Application.csproj" />
  </Folder>
  <Folder Name="/src/Domain/">
    <Project Path="src/Domain/TravelBookManager.Domain.csproj" />
  </Folder>
  <Folder Name="/src/Infrastructure/">
    <Project Path="src/Infrastructure/TravelBookManager.Infrastructure.csproj" />
  </Folder>
  <Folder Name="/src/Presentation/">
    <Project Path="src/Presentation/TravelBookManager.Presentation.csproj" />
  </Folder>
  <Folder Name="/src/SharedKernel/">
    <Project Path="src/SharedKernel/TravelBookManager.SharedKernel.csproj" />
  </Folder>
  <Folder Name="/test/">
    <Project Path="test/ApplicationTests/ApplicationTests.csproj" />
    <Project Path="test/DomainTests/DomainTests.csproj" />
    <Project Path="test/InfrastructureTests/InfrastructureTests.csproj" />
  </Folder>
</Solution>
